
Microsoft Visual Studio Solution File, Format Version 12.00
# Visual Studio Version 17
VisualStudioVersion = 17.0.31903.59
MinimumVisualStudioVersion = 10.0.40219.1
Project("{2150E333-8FDC-42A3-9474-1A3956D46DE8}") = "src", "src", "{827E0CD3-B72D-47B6-A68D-7590B98EB39B}"
EndProject
Project("{FAE04EC0-301F-11D3-BF4B-00C04F79EFBC}") = "PrestControl.App", "src\PrestControl.App\PrestControl.App.csproj", "{68ECBFC5-406E-4C4D-85C9-95CEFB0456DE}"
EndProject
Project("{FAE04EC0-301F-11D3-BF4B-00C04F79EFBC}") = "PrestControl.Common", "src\PrestControl.Common\PrestControl.Common.csproj", "{807A2BA9-198A-43B1-B263-FF76380CACA5}"
EndProject
Project("{FAE04EC0-301F-11D3-BF4B-00C04F79EFBC}") = "PrestControl.Data", "src\PrestControl.Data\PrestControl.Data.csproj", "{C45A5619-319E-40F0-A6CD-CD5750043AF6}"
EndProject
Project("{FAE04EC0-301F-11D3-BF4B-00C04F79EFBC}") = "PrestControl.Models", "src\PrestControl.Models\PrestControl.Models.csproj", "{A5959CDA-FC1A-4213-9E45-4232B8D111A8}"
EndProject
Project("{FAE04EC0-301F-11D3-BF4B-00C04F79EFBC}") = "PrestControl.Printing", "src\PrestControl.Printing\PrestControl.Printing.csproj", "{F27122B4-024F-47F7-8173-9123E80A3981}"
EndProject
Project("{FAE04EC0-301F-11D3-BF4B-00C04F79EFBC}") = "PrestControl.Services", "src\PrestControl.Services\PrestControl.Services.csproj", "{212D4204-7B10-4667-A7A9-CDB350D3E7E9}"
EndProject
Project("{FAE04EC0-301F-11D3-BF4B-00C04F79EFBC}") = "PrestControl.ViewModels", "src\PrestControl.ViewModels\PrestControl.ViewModels.csproj", "{B8BA73FB-5E5C-495F-9CD7-6A48D1F09CE2}"
EndProject
Project("{FAE04EC0-301F-11D3-BF4B-00C04F79EFBC}") = "PrestControl.Views", "src\PrestControl.Views\PrestControl.Views.csproj", "{894CCA8A-53E6-4BB7-A480-8DF5D400889A}"
EndProject
Project("{2150E333-8FDC-42A3-9474-1A3956D46DE8}") = "tests", "tests", "{0AB3BF05-4346-4AA6-1389-037BE0695223}"
EndProject
Project("{FAE04EC0-301F-11D3-BF4B-00C04F79EFBC}") = "PrestControl.Data.Tests", "tests\PrestControl.Data.Tests\PrestControl.Data.Tests.csproj", "{0CFF90BF-7042-4E4C-A437-CA44A8B7CE1C}"
EndProject
Project("{FAE04EC0-301F-11D3-BF4B-00C04F79EFBC}") = "PrestControl.Services.Tests", "tests\PrestControl.Services.Tests\PrestControl.Services.Tests.csproj", "{A1B5AFA1-7E90-4B29-8670-9EF0F296937D}"
EndProject
Global
	GlobalSection(SolutionConfigurationPlatforms) = preSolution
		Debug|Any CPU = Debug|Any CPU
		Debug|x64 = Debug|x64
		Debug|x86 = Debug|x86
		Release|Any CPU = Release|Any CPU
		Release|x64 = Release|x64
		Release|x86 = Release|x86
	EndGlobalSection
	GlobalSection(ProjectConfigurationPlatforms) = postSolution
		{68ECBFC5-406E-4C4D-85C9-95CEFB0456DE}.Debug|Any CPU.ActiveCfg = Debug|Any CPU
		{68ECBFC5-406E-4C4D-85C9-95CEFB0456DE}.Debug|Any CPU.Build.0 = Debug|Any CPU
		{68ECBFC5-406E-4C4D-85C9-95CEFB0456DE}.Debug|x64.ActiveCfg = Debug|Any CPU
		{68ECBFC5-406E-4C4D-85C9-95CEFB0456DE}.Debug|x64.Build.0 = Debug|Any CPU
		{68ECBFC5-406E-4C4D-85C9-95CEFB0456DE}.Debug|x86.ActiveCfg = Debug|Any CPU
		{68ECBFC5-406E-4C4D-85C9-95CEFB0456DE}.Debug|x86.Build.0 = Debug|Any CPU
		{68ECBFC5-406E-4C4D-85C9-95CEFB0456DE}.Release|Any CPU.ActiveCfg = Release|Any CPU
		{68ECBFC5-406E-4C4D-85C9-95CEFB0456DE}.Release|Any CPU.Build.0 = Release|Any CPU
		{68ECBFC5-406E-4C4D-85C9-95CEFB0456DE}.Release|x64.ActiveCfg = Release|Any CPU
		{68ECBFC5-406E-4C4D-85C9-95CEFB0456DE}.Release|x64.Build.0 = Release|Any CPU
		{68ECBFC5-406E-4C4D-85C9-95CEFB0456DE}.Release|x86.ActiveCfg = Release|Any CPU
		{68ECBFC5-406E-4C4D-85C9-95CEFB0456DE}.Release|x86.Build.0 = Release|Any CPU
		{807A2BA9-198A-43B1-B263-FF76380CACA5}.Debug|Any CPU.ActiveCfg = Debug|Any CPU
		{807A2BA9-198A-43B1-B263-FF76380CACA5}.Debug|Any CPU.Build.0 = Debug|Any CPU
		{807A2BA9-198A-43B1-B263-FF76380CACA5}.Debug|x64.ActiveCfg = Debug|Any CPU
		{807A2BA9-198A-43B1-B263-FF76380CACA5}.Debug|x64.Build.0 = Debug|Any CPU
		{807A2BA9-198A-43B1-B263-FF76380CACA5}.Debug|x86.ActiveCfg = Debug|Any CPU
		{807A2BA9-198A-43B1-B263-FF76380CACA5}.Debug|x86.Build.0 = Debug|Any CPU
		{807A2BA9-198A-43B1-B263-FF76380CACA5}.Release|Any CPU.ActiveCfg = Release|Any CPU
		{807A2BA9-198A-43B1-B263-FF76380CACA5}.Release|Any CPU.Build.0 = Release|Any CPU
		{807A2BA9-198A-43B1-B263-FF76380CACA5}.Release|x64.ActiveCfg = Release|Any CPU
		{807A2BA9-198A-43B1-B263-FF76380CACA5}.Release|x64.Build.0 = Release|Any CPU
		{807A2BA9-198A-43B1-B263-FF76380CACA5}.Release|x86.ActiveCfg = Release|Any CPU
		{807A2BA9-198A-43B1-B263-FF76380CACA5}.Release|x86.Build.0 = Release|Any CPU
		{C45A5619-319E-40F0-A6CD-CD5750043AF6}.Debug|Any CPU.ActiveCfg = Debug|Any CPU
		{C45A5619-319E-40F0-A6CD-CD5750043AF6}.Debug|Any CPU.Build.0 = Debug|Any CPU
		{C45A5619-319E-40F0-A6CD-CD5750043AF6}.Debug|x64.ActiveCfg = Debug|Any CPU
		{C45A5619-319E-40F0-A6CD-CD5750043AF6}.Debug|x64.Build.0 = Debug|Any CPU
		{C45A5619-319E-40F0-A6CD-CD5750043AF6}.Debug|x86.ActiveCfg = Debug|Any CPU
		{C45A5619-319E-40F0-A6CD-CD5750043AF6}.Debug|x86.Build.0 = Debug|Any CPU
		{C45A5619-319E-40F0-A6CD-CD5750043AF6}.Release|Any CPU.ActiveCfg = Release|Any CPU
		{C45A5619-319E-40F0-A6CD-CD5750043AF6}.Release|Any CPU.Build.0 = Release|Any CPU
		{C45A5619-319E-40F0-A6CD-CD5750043AF6}.Release|x64.ActiveCfg = Release|Any CPU
		{C45A5619-319E-40F0-A6CD-CD5750043AF6}.Release|x64.Build.0 = Release|Any CPU
		{C45A5619-319E-40F0-A6CD-CD5750043AF6}.Release|x86.ActiveCfg = Release|Any CPU
		{C45A5619-319E-40F0-A6CD-CD5750043AF6}.Release|x86.Build.0 = Release|Any CPU
		{A5959CDA-FC1A-4213-9E45-4232B8D111A8}.Debug|Any CPU.ActiveCfg = Debug|Any CPU
		{A5959CDA-FC1A-4213-9E45-4232B8D111A8}.Debug|Any CPU.Build.0 = Debug|Any CPU
		{A5959CDA-FC1A-4213-9E45-4232B8D111A8}.Debug|x64.ActiveCfg = Debug|Any CPU
		{A5959CDA-FC1A-4213-9E45-4232B8D111A8}.Debug|x64.Build.0 = Debug|Any CPU
		{A5959CDA-FC1A-4213-9E45-4232B8D111A8}.Debug|x86.ActiveCfg = Debug|Any CPU
		{A5959CDA-FC1A-4213-9E45-4232B8D111A8}.Debug|x86.Build.0 = Debug|Any CPU
		{A5959CDA-FC1A-4213-9E45-4232B8D111A8}.Release|Any CPU.ActiveCfg = Release|Any CPU
		{A5959CDA-FC1A-4213-9E45-4232B8D111A8}.Release|Any CPU.Build.0 = Release|Any CPU
		{A5959CDA-FC1A-4213-9E45-4232B8D111A8}.Release|x64.ActiveCfg = Release|Any CPU
		{A5959CDA-FC1A-4213-9E45-4232B8D111A8}.Release|x64.Build.0 = Release|Any CPU
		{A5959CDA-FC1A-4213-9E45-4232B8D111A8}.Release|x86.ActiveCfg = Release|Any CPU
		{A5959CDA-FC1A-4213-9E45-4232B8D111A8}.Release|x86.Build.0 = Release|Any CPU
		{F27122B4-024F-47F7-8173-9123E80A3981}.Debug|Any CPU.ActiveCfg = Debug|Any CPU
		{F27122B4-024F-47F7-8173-9123E80A3981}.Debug|Any CPU.Build.0 = Debug|Any CPU
		{F27122B4-024F-47F7-8173-9123E80A3981}.Debug|x64.ActiveCfg = Debug|Any CPU
		{F27122B4-024F-47F7-8173-9123E80A3981}.Debug|x64.Build.0 = Debug|Any CPU
		{F27122B4-024F-47F7-8173-9123E80A3981}.Debug|x86.ActiveCfg = Debug|Any CPU
		{F27122B4-024F-47F7-8173-9123E80A3981}.Debug|x86.Build.0 = Debug|Any CPU
		{F27122B4-024F-47F7-8173-9123E80A3981}.Release|Any CPU.ActiveCfg = Release|Any CPU
		{F27122B4-024F-47F7-8173-9123E80A3981}.Release|Any CPU.Build.0 = Release|Any CPU
		{F27122B4-024F-47F7-8173-9123E80A3981}.Release|x64.ActiveCfg = Release|Any CPU
		{F27122B4-024F-47F7-8173-9123E80A3981}.Release|x64.Build.0 = Release|Any CPU
		{F27122B4-024F-47F7-8173-9123E80A3981}.Release|x86.ActiveCfg = Release|Any CPU
		{F27122B4-024F-47F7-8173-9123E80A3981}.Release|x86.Build.0 = Release|Any CPU
		{212D4204-7B10-4667-A7A9-CDB350D3E7E9}.Debug|Any CPU.ActiveCfg = Debug|Any CPU
		{212D4204-7B10-4667-A7A9-CDB350D3E7E9}.Debug|Any CPU.Build.0 = Debug|Any CPU
		{212D4204-7B10-4667-A7A9-CDB350D3E7E9}.Debug|x64.ActiveCfg = Debug|Any CPU
		{212D4204-7B10-4667-A7A9-CDB350D3E7E9}.Debug|x64.Build.0 = Debug|Any CPU
		{212D4204-7B10-4667-A7A9-CDB350D3E7E9}.Debug|x86.ActiveCfg = Debug|Any CPU
		{212D4204-7B10-4667-A7A9-CDB350D3E7E9}.Debug|x86.Build.0 = Debug|Any CPU
		{212D4204-7B10-4667-A7A9-CDB350D3E7E9}.Release|Any CPU.ActiveCfg = Release|Any CPU
		{212D4204-7B10-4667-A7A9-CDB350D3E7E9}.Release|Any CPU.Build.0 = Release|Any CPU
		{212D4204-7B10-4667-A7A9-CDB350D3E7E9}.Release|x64.ActiveCfg = Release|Any CPU
		{212D4204-7B10-4667-A7A9-CDB350D3E7E9}.Release|x64.Build.0 = Release|Any CPU
		{212D4204-7B10-4667-A7A9-CDB350D3E7E9}.Release|x86.ActiveCfg = Release|Any CPU
		{212D4204-7B10-4667-A7A9-CDB350D3E7E9}.Release|x86.Build.0 = Release|Any CPU
		{B8BA73FB-5E5C-495F-9CD7-6A48D1F09CE2}.Debug|Any CPU.ActiveCfg = Debug|Any CPU
		{B8BA73FB-5E5C-495F-9CD7-6A48D1F09CE2}.Debug|Any CPU.Build.0 = Debug|Any CPU
		{B8BA73FB-5E5C-495F-9CD7-6A48D1F09CE2}.Debug|x64.ActiveCfg = Debug|Any CPU
		{B8BA73FB-5E5C-495F-9CD7-6A48D1F09CE2}.Debug|x64.Build.0 = Debug|Any CPU
		{B8BA73FB-5E5C-495F-9CD7-6A48D1F09CE2}.Debug|x86.ActiveCfg = Debug|Any CPU
		{B8BA73FB-5E5C-495F-9CD7-6A48D1F09CE2}.Debug|x86.Build.0 = Debug|Any CPU
		{B8BA73FB-5E5C-495F-9CD7-6A48D1F09CE2}.Release|Any CPU.ActiveCfg = Release|Any CPU
		{B8BA73FB-5E5C-495F-9CD7-6A48D1F09CE2}.Release|Any CPU.Build.0 = Release|Any CPU
		{B8BA73FB-5E5C-495F-9CD7-6A48D1F09CE2}.Release|x64.ActiveCfg = Release|Any CPU
		{B8BA73FB-5E5C-495F-9CD7-6A48D1F09CE2}.Release|x64.Build.0 = Release|Any CPU
		{B8BA73FB-5E5C-495F-9CD7-6A48D1F09CE2}.Release|x86.ActiveCfg = Release|Any CPU
		{B8BA73FB-5E5C-495F-9CD7-6A48D1F09CE2}.Release|x86.Build.0 = Release|Any CPU
		{894CCA8A-53E6-4BB7-A480-8DF5D400889A}.Debug|Any CPU.ActiveCfg = Debug|Any CPU
		{894CCA8A-53E6-4BB7-A480-8DF5D400889A}.Debug|Any CPU.Build.0 = Debug|Any CPU
		{894CCA8A-53E6-4BB7-A480-8DF5D400889A}.Debug|x64.ActiveCfg = Debug|Any CPU
		{894CCA8A-53E6-4BB7-A480-8DF5D400889A}.Debug|x64.Build.0 = Debug|Any CPU
		{894CCA8A-53E6-4BB7-A480-8DF5D400889A}.Debug|x86.ActiveCfg = Debug|Any CPU
		{894CCA8A-53E6-4BB7-A480-8DF5D400889A}.Debug|x86.Build.0 = Debug|Any CPU
		{894CCA8A-53E6-4BB7-A480-8DF5D400889A}.Release|Any CPU.ActiveCfg = Release|Any CPU
		{894CCA8A-53E6-4BB7-A480-8DF5D400889A}.Release|Any CPU.Build.0 = Release|Any CPU
		{894CCA8A-53E6-4BB7-A480-8DF5D400889A}.Release|x64.ActiveCfg = Release|Any CPU
		{894CCA8A-53E6-4BB7-A480-8DF5D400889A}.Release|x64.Build.0 = Release|Any CPU
		{894CCA8A-53E6-4BB7-A480-8DF5D400889A}.Release|x86.ActiveCfg = Release|Any CPU
		{894CCA8A-53E6-4BB7-A480-8DF5D400889A}.Release|x86.Build.0 = Release|Any CPU
		{0CFF90BF-7042-4E4C-A437-CA44A8B7CE1C}.Debug|Any CPU.ActiveCfg = Debug|Any CPU
		{0CFF90BF-7042-4E4C-A437-CA44A8B7CE1C}.Debug|Any CPU.Build.0 = Debug|Any CPU
		{0CFF90BF-7042-4E4C-A437-CA44A8B7CE1C}.Debug|x64.ActiveCfg = Debug|Any CPU
		{0CFF90BF-7042-4E4C-A437-CA44A8B7CE1C}.Debug|x64.Build.0 = Debug|Any CPU
		{0CFF90BF-7042-4E4C-A437-CA44A8B7CE1C}.Debug|x86.ActiveCfg = Debug|Any CPU
		{0CFF90BF-7042-4E4C-A437-CA44A8B7CE1C}.Debug|x86.Build.0 = Debug|Any CPU
		{0CFF90BF-7042-4E4C-A437-CA44A8B7CE1C}.Release|Any CPU.ActiveCfg = Release|Any CPU
		{0CFF90BF-7042-4E4C-A437-CA44A8B7CE1C}.Release|Any CPU.Build.0 = Release|Any CPU
		{0CFF90BF-7042-4E4C-A437-CA44A8B7CE1C}.Release|x64.ActiveCfg = Release|Any CPU
		{0CFF90BF-7042-4E4C-A437-CA44A8B7CE1C}.Release|x64.Build.0 = Release|Any CPU
		{0CFF90BF-7042-4E4C-A437-CA44A8B7CE1C}.Release|x86.ActiveCfg = Release|Any CPU
		{0CFF90BF-7042-4E4C-A437-CA44A8B7CE1C}.Release|x86.Build.0 = Release|Any CPU
		{A1B5AFA1-7E90-4B29-8670-9EF0F296937D}.Debug|Any CPU.ActiveCfg = Debug|Any CPU
		{A1B5AFA1-7E90-4B29-8670-9EF0F296937D}.Debug|Any CPU.Build.0 = Debug|Any CPU
		{A1B5AFA1-7E90-4B29-8670-9EF0F296937D}.Debug|x64.ActiveCfg = Debug|Any CPU
		{A1B5AFA1-7E90-4B29-8670-9EF0F296937D}.Debug|x64.Build.0 = Debug|Any CPU
		{A1B5AFA1-7E90-4B29-8670-9EF0F296937D}.Debug|x86.ActiveCfg = Debug|Any CPU
		{A1B5AFA1-7E90-4B29-8670-9EF0F296937D}.Debug|x86.Build.0 = Debug|Any CPU
		{A1B5AFA1-7E90-4B29-8670-9EF0F296937D}.Release|Any CPU.ActiveCfg = Release|Any CPU
		{A1B5AFA1-7E90-4B29-8670-9EF0F296937D}.Release|Any CPU.Build.0 = Release|Any CPU
		{A1B5AFA1-7E90-4B29-8670-9EF0F296937D}.Release|x64.ActiveCfg = Release|Any CPU
		{A1B5AFA1-7E90-4B29-8670-9EF0F296937D}.Release|x64.Build.0 = Release|Any CPU
		{A1B5AFA1-7E90-4B29-8670-9EF0F296937D}.Release|x86.ActiveCfg = Release|Any CPU
		{A1B5AFA1-7E90-4B29-8670-9EF0F296937D}.Release|x86.Build.0 = Release|Any CPU
	EndGlobalSection
	GlobalSection(SolutionProperties) = preSolution
		HideSolutionNode = FALSE
	EndGlobalSection
	GlobalSection(NestedProjects) = preSolution
		{68ECBFC5-406E-4C4D-85C9-95CEFB0456DE} = {827E0CD3-B72D-47B6-A68D-7590B98EB39B}
		{807A2BA9-198A-43B1-B263-FF76380CACA5} = {827E0CD3-B72D-47B6-A68D-7590B98EB39B}
		{C45A5619-319E-40F0-A6CD-CD5750043AF6} = {827E0CD3-B72D-47B6-A68D-7590B98EB39B}
		{A5959CDA-FC1A-4213-9E45-4232B8D111A8} = {827E0CD3-B72D-47B6-A68D-7590B98EB39B}
		{F27122B4-024F-47F7-8173-9123E80A3981} = {827E0CD3-B72D-47B6-A68D-7590B98EB39B}
		{212D4204-7B10-4667-A7A9-CDB350D3E7E9} = {827E0CD3-B72D-47B6-A68D-7590B98EB39B}
		{B8BA73FB-5E5C-495F-9CD7-6A48D1F09CE2} = {827E0CD3-B72D-47B6-A68D-7590B98EB39B}
		{894CCA8A-53E6-4BB7-A480-8DF5D400889A} = {827E0CD3-B72D-47B6-A68D-7590B98EB39B}
		{0CFF90BF-7042-4E4C-A437-CA44A8B7CE1C} = {0AB3BF05-4346-4AA6-1389-037BE0695223}
		{A1B5AFA1-7E90-4B29-8670-9EF0F296937D} = {0AB3BF05-4346-4AA6-1389-037BE0695223}
	EndGlobalSection
EndGlobal
